{
  "lockfile_version": "1",
  "packages": {
    "github:NixOS/nixpkgs/nixpkgs-unstable": {
      "last_modified": "2025-06-17T18:11:34Z",
      "resolved": "github:NixOS/nixpkgs/f45e75fc63fc8a7ffc3da382b2f6b681c5b71875?lastModified=1750183894&narHash=sha256-ZtOgEt70keBVB4YJc%2Bz7m0h7J1BOlv%2FGjHE1YC6KxeA%3D"
    }
  }
}
